
Microsoft Visual Studio Solution File, Format Version 12.00
# Visual Studio 15
VisualStudioVersion = 15.0.26730.16
MinimumVisualStudioVersion = 10.0.40219.1
Project("{9A19103F-16F7-4668-BE54-9A1E7A4F7556}") = "EchoApp", "EchoApp.csproj", "{7CE27C71-10BE-4129-8482-C5571777471E}"
EndProject
Global
	GlobalSection(SolutionConfigurationPlatforms) = preSolution
		Debug|x64 = Debug|x64
		Release|x64 = Release|x64
	EndGlobalSection
	GlobalSection(ProjectConfigurationPlatforms) = postSolution
		{7CE27C71-10BE-4129-8482-C5571777471E}.Debug|x64.ActiveCfg = Debug|x64
		{7CE27C71-10BE-4129-8482-C5571777471E}.Debug|x64.Build.0 = Debug|x64
		{7CE27C71-10BE-4129-8482-C5571777471E}.Release|x64.ActiveCfg = Release|x64
		{7CE27C71-10BE-4129-8482-C5571777471E}.Release|x64.Build.0 = Release|x64
	EndGlobalSection
	GlobalSection(SolutionProperties) = preSolution
		HideSolutionNode = FALSE
	EndGlobalSection
	GlobalSection(ExtensibilityGlobals) = postSolution
		SolutionGuid = {A36E914A-841B-4DD1-8547-23CC11479DA3}
	EndGlobalSection
EndGlobal
